
Microsoft Visual Studio Solution File, Format Version 12.00
# Visual Studio Version 16
VisualStudioVersion = 16.0.30804.86
MinimumVisualStudioVersion = 10.0.40219.1
Project("{FAE04EC0-301F-11D3-BF4B-00C04F79EFBC}") = "KitadeScrapper", "KitadeScrapper.csproj", "{0AD11FCD-A928-4826-83DE-0C20075B666E}"
EndProject
Global
	GlobalSection(SolutionConfigurationPlatforms) = preSolution
		Debug|Any CPU = Debug|Any CPU
		Release|Any CPU = Release|Any CPU
	EndGlobalSection
	GlobalSection(ProjectConfigurationPlatforms) = postSolution
		{0AD11FCD-A928-4826-83DE-0C20075B666E}.Debug|Any CPU.ActiveCfg = Debug|Any CPU
		{0AD11FCD-A928-4826-83DE-0C20075B666E}.Debug|Any CPU.Build.0 = Debug|Any CPU
		{0AD11FCD-A928-4826-83DE-0C20075B666E}.Release|Any CPU.ActiveCfg = Release|Any CPU
		{0AD11FCD-A928-4826-83DE-0C20075B666E}.Release|Any CPU.Build.0 = Release|Any CPU
	EndGlobalSection
	GlobalSection(SolutionProperties) = preSolution
		HideSolutionNode = FALSE
	EndGlobalSection
	GlobalSection(ExtensibilityGlobals) = postSolution
		SolutionGuid = {7F47D373-C7AF-40E1-A388-D844B277DFB5}
	EndGlobalSection
EndGlobal
